// !$*UTF8*$!
{
	archiveVersion = 1;
	classes = {
	};
	objectVersion = 48;
	objects = {

/* Begin PBXBuildFile section */
		A809FADC1FE9A3EF001A0A42 /* AppDelegate.swift in Sources */ = {isa = PBXBuildFile; fileRef = A809FADB1FE9A3EF001A0A42 /* AppDelegate.swift */; };
		A809FADE1FE9A3EF001A0A42 /* ViewController.swift in Sources */ = {isa = PBXBuildFile; fileRef = A809FADD1FE9A3EF001A0A42 /* ViewController.swift */; };
		A809FAE11FE9A3EF001A0A42 /* Main.storyboard in Resources */ = {isa = PBXBuildFile; fileRef = A809FADF1FE9A3EF001A0A42 /* Main.storyboard */; };
		A809FAE31FE9A3EF001A0A42 /* Assets.xcassets in Resources */ = {isa = PBXBuildFile; fileRef = A809FAE21FE9A3EF001A0A42 /* Assets.xcassets */; };
		A809FAE61FE9A3EF001A0A42 /* LaunchScreen.storyboard in Resources */ = {isa = PBXBuildFile; fileRef = A809FAE41FE9A3EF001A0A42 /* LaunchScreen.storyboard */; };
		A809FAEE1FE9A400001A0A42 /* MyWonderStackView.swift in Sources */ = {isa = PBXBuildFile; fileRef = A809FAED1FE9A400001A0A42 /* MyWonderStackView.swift */; };
/* End PBXBuildFile section */

/* Begin PBXFileReference section */
		A809FAD81FE9A3EF001A0A42 /* MyWonderStackView.app */ = {isa = PBXFileReference; explicitFileType = wrapper.application; includeInIndex = 0; path = MyWonderStackView.app; sourceTree = BUILT_PRODUCTS_DIR; };
		A809FADB1FE9A3EF001A0A42 /* AppDelegate.swift */ = {isa = PBXFileReference; lastKnownFileType = sourcecode.swift; path = AppDelegate.swift; sourceTree = "<group>"; };
		A809FADD1FE9A3EF001A0A42 /* ViewController.swift */ = {isa = PBXFileReference; lastKnownFileType = sourcecode.swift; path = ViewController.swift; sourceTree = "<group>"; };
		A809FAE01FE9A3EF001A0A42 /* Base */ = {isa = PBXFileReference; lastKnownFileType = file.storyboard; name = Base; path = Base.lproj/Main.storyboard; sourceTree = "<group>"; };
		A809FAE21FE9A3EF001A0A42 /* Assets.xcassets */ = {isa = PBXFileReference; lastKnownFileType = folder.assetcatalog; path = Assets.xcassets; sourceTree = "<group>"; };
		A809FAE51FE9A3EF001A0A42 /* Base */ = {isa = PBXFileReference; lastKnownFileType = file.storyboard; name = Base; path = Base.lproj/LaunchScreen.storyboard; sourceTree = "<group>"; };
		A809FAE71FE9A3EF001A0A42 /* Info.plist */ = {isa = PBXFileReference; lastKnownFileType = text.plist.xml; path = Info.plist; sourceTree = "<group>"; };
		A809FAED1FE9A400001A0A42 /* MyWonderStackView.swift */ = {isa = PBXFileReference; lastKnownFileType = sourcecode.swift; path = MyWonderStackView.swift; sourceTree = "<group>"; };
/* End PBXFileReference section */

/* Begin PBXFrameworksBuildPhase section */
		A809FAD51FE9A3EF001A0A42 /* Frameworks */ = {
			isa = PBXFrameworksBuildPhase;
			buildActionMask = 2147483647;
			files = (
			);
			runOnlyForDeploymentPostprocessing = 0;
		};
/* End PBXFrameworksBuildPhase section */

/* Begin PBXGroup section */
		A809FACF1FE9A3EF001A0A42 = {
			isa = PBXGroup;
			children = (
				A809FADA1FE9A3EF001A0A42 /* MyWonderStackView */,
				A809FAD91FE9A3EF001A0A42 /* Products */,
			);
			sourceTree = "<group>";
		};
		A809FAD91FE9A3EF001A0A42 /* Products */ = {
			isa = PBXGroup;
			children = (
				A809FAD81FE9A3EF001A0A42 /* MyWonderStackView.app */,
			);
			name = Products;
			sourceTree = "<group>";
		};
		A809FADA1FE9A3EF001A0A42 /* MyWonderStackView */ = {
			isa = PBXGroup;
			children = (
				A809FADB1FE9A3EF001A0A42 /* AppDelegate.swift */,
				A809FAED1FE9A400001A0A42 /* MyWonderStackView.swift */,
				A809FADD1FE9A3EF001A0A42 /* ViewController.swift */,
				A809FADF1FE9A3EF001A0A42 /* Main.storyboard */,
				A809FAE21FE9A3EF001A0A42 /* Assets.xcassets */,
				A809FAE41FE9A3EF001A0A42 /* LaunchScreen.storyboard */,
				A809FAE71FE9A3EF001A0A42 /* Info.plist */,
			);
			path = MyWonderStackView;
			sourceTree = "<group>";
		};
/* End PBXGroup section */

/* Begin PBXNativeTarget section */
		A809FAD71FE9A3EF001A0A42 /* MyWonderStackView */ = {
			isa = PBXNativeTarget;
			buildConfigurationList = A809FAEA1FE9A3EF001A0A42 /* Build configuration list for PBXNativeTarget "MyWonderStackView" */;
			buildPhases = (
				A809FAD41FE9A3EF001A0A42 /* Sources */,
				A809FAD51FE9A3EF001A0A42 /* Frameworks */,
				A809FAD61FE9A3EF001A0A42 /* Resources */,
			);
			buildRules = (
			);
			dependencies = (
			);
			name = MyWonderStackView;
			productName = MyWonderStackView;
			productReference = A809FAD81FE9A3EF001A0A42 /* MyWonderStackView.app */;
			productType = "com.apple.product-type.application";
		};
/* End PBXNativeTarget section */

/* Begin PBXProject section */
		A809FAD01FE9A3EF001A0A42 /* Project object */ = {
			isa = PBXProject;
			attributes = {
				LastSwiftUpdateCheck = 0910;
				LastUpgradeCheck = 0910;
				ORGANIZATIONNAME = "Mykola Denysyuk";
				TargetAttributes = {
					A809FAD71FE9A3EF001A0A42 = {
						CreatedOnToolsVersion = 9.1;
						ProvisioningStyle = Automatic;
					};
				};
			};
			buildConfigurationList = A809FAD31FE9A3EF001A0A42 /* Build configuration list for PBXProject "MyWonderStackView" */;
			compatibilityVersion = "Xcode 8.0";
			developmentRegion = en;
			hasScannedForEncodings = 0;
			knownRegions = (
				en,
				Base,
			);
			mainGroup = A809FACF1FE9A3EF001A0A42;
			productRefGroup = A809FAD91FE9A3EF001A0A42 /* Products */;
			projectDirPath = "";
			projectRoot = "";
			targets = (
				A809FAD71FE9A3EF001A0A42 /* MyWonderStackView */,
			);
		};
/* End PBXProject section */

/* Begin PBXResourcesBuildPhase section */
		A809FAD61FE9A3EF001A0A42 /* Resources */ = {
			isa = PBXResourcesBuildPhase;
			buildActionMask = 2147483647;
			files = (
				A809FAE61FE9A3EF001A0A42 /* LaunchScreen.storyboard in Resources */,
				A809FAE31FE9A3EF001A0A42 /* Assets.xcassets in Resources */,
				A809FAE11FE9A3EF001A0A42 /* Main.storyboard in Resources */,
			);
			runOnlyForDeploymentPostprocessing = 0;
		};
/* End PBXResourcesBuildPhase section */

/* Begin PBXSourcesBuildPhase section */
		A809FAD41FE9A3EF001A0A42 /* Sources */ = {
			isa = PBXSourcesBuildPhase;
			buildActionMask = 2147483647;
			files = (
				A809FADE1FE9A3EF001A0A42 /* ViewController.swift in Sources */,
				A809FAEE1FE9A400001A0A42 /* MyWonderStackView.swift in Sources */,
				A809FADC1FE9A3EF001A0A42 /* AppDelegate.swift in Sources */,
			);
			runOnlyForDeploymentPostprocessing = 0;
		};
/* End PBXSourcesBuildPhase section */

/* Begin PBXVariantGroup section */
		A809FADF1FE9A3EF001A0A42 /* Main.storyboard */ = {
			isa = PBXVariantGroup;
			children = (
				A809FAE01FE9A3EF001A0A42 /* Base */,
			);
			name = Main.storyboard;
			sourceTree = "<group>";
		};
		A809FAE41FE9A3EF001A0A42 /* LaunchScreen.storyboard */ = {
			isa = PBXVariantGroup;
			children = (
				A809FAE51FE9A3EF001A0A42 /* Base */,
			);
			name = LaunchScreen.storyboard;
			sourceTree = "<group>";
		};
/* End PBXVariantGroup section */

/* Begin XCBuildConfiguration section */
		A809FAE81FE9A3EF001A0A42 /* Debug */ = {
			isa = XCBuildConfiguration;
			buildSettings = {
				ALWAYS_SEARCH_USER_PATHS = NO;
				CLANG_ANALYZER_NONNULL = YES;
				CLANG_ANALYZER_NUMBER_OBJECT_CONVERSION = YES_AGGRESSIVE;
				CLANG_CXX_LANGUAGE_STANDARD = "gnu++14";
				CLANG_CXX_LIBRARY = "libc++";
				CLANG_ENABLE_MODULES = YES;
				CLANG_ENABLE_OBJC_ARC = YES;
				CLANG_WARN_BLOCK_CAPTURE_AUTORELEASING = YES;
				CLANG_WARN_BOOL_CONVERSION = YES;
				CLANG_WARN_COMMA = YES;
				CLANG_WARN_CONSTANT_CONVERSION = YES;
				CLANG_WARN_DIRECT_OBJC_ISA_USAGE = YES_ERROR;
				CLANG_WARN_DOCUMENTATION_COMMENTS = YES;
				CLANG_WARN_EMPTY_BODY = YES;
				CLANG_WARN_ENUM_CONVERSION = YES;
				CLANG_WARN_INFINITE_RECURSION = YES;
				CLANG_WARN_INT_CONVERSION = YES;
				CLANG_WARN_NON_LITERAL_NULL_CONVERSION = YES;
				CLANG_WARN_OBJC_LITERAL_CONVERSION = YES;
				CLANG_WARN_OBJC_ROOT_CLASS = YES_ERROR;
				CLANG_WARN_RANGE_LOOP_ANALYSIS = YES;
				CLANG_WARN_STRICT_PROTOTYPES = YES;
				CLANG_WARN_SUSPICIOUS_MOVE = YES;
				CLANG_WARN_UNGUARDED_AVAILABILITY = YES_AGGRESSIVE;
				CLANG_WARN_UNREACHABLE_CODE = YES;
				CLANG_WARN__DUPLICATE_METHOD_MATCH = YES;
				CODE_SIGN_IDENTITY = "iPhone Developer";
				COPY_PHASE_STRIP = NO;
				DEBUG_INFORMATION_FORMAT = dwarf;
				ENABLE_STRICT_OBJC_MSGSEND = YES;
				ENABLE_TESTABILITY = YES;
				GCC_C_LANGUAGE_STANDARD = gnu11;
				GCC_DYNAMIC_NO_PIC = NO;
				GCC_NO_COMMON_BLOCKS = YES;
				GCC_OPTIMIZATION_LEVEL = 0;
				GCC_PREPROCESSOR_DEFINITIONS = (
					"DEBUG=1",
					"$(inherited)",
				);
				GCC_WARN_64_TO_32_BIT_CONVERSION = YES;
				GCC_WARN_ABOUT_RETURN_TYPE = YES_ERROR;
				GCC_WARN_UNDECLARED_SELECTOR = YES;
				GCC_WARN_UNINITIALIZED_AUTOS = YES_AGGRESSIVE;
				GCC_WARN_UNUSED_FUNCTION = YES;
				GCC_WARN_UNUSED_VARIABLE = YES;
				IPHONEOS_DEPLOYMENT_TARGET = 11.1;
				MTL_ENABLE_DEBUG_INFO = YES;
				ONLY_ACTIVE_ARCH = YES;
				SDKROOT = iphoneos;
				SWIFT_ACTIVE_COMPILATION_CONDITIONS = DEBUG;
				SWIFT_OPTIMIZATION_LEVEL = "-Onone";
			};
			name = Debug;
		};
		A809FAE91FE9A3EF001A0A42 /* Release */ = {
			isa = XCBuildConfiguration;
			buildSettings = {
				ALWAYS_SEARCH_USER_PATHS = NO;
				CLANG_ANALYZER_NONNULL = YES;
				CLANG_ANALYZER_NUMBER_OBJECT_CONVERSION = YES_AGGRESSIVE;
				CLANG_CXX_LANGUAGE_STANDARD = "gnu++14";
				CLANG_CXX_LIBRARY = "libc++";
				CLANG_ENABLE_MODULES = YES;
				CLANG_ENABLE_OBJC_ARC = YES;
				CLANG_WARN_BLOCK_CAPTURE_AUTORELEASING = YES;
				CLANG_WARN_BOOL_CONVERSION = YES;
				CLANG_WARN_COMMA = YES;
				CLANG_WARN_CONSTANT_CONVERSION = YES;
				CLANG_WARN_DIRECT_OBJC_ISA_USAGE = YES_ERROR;
				CLANG_WARN_DOCUMENTATION_COMMENTS = YES;
				CLANG_WARN_EMPTY_BODY = YES;
				CLANG_WARN_ENUM_CONVERSION = YES;
				CLANG_WARN_INFINITE_RECURSION = YES;
				CLANG_WARN_INT_CONVERSION = YES;
				CLANG_WARN_NON_LITERAL_NULL_CONVERSION = YES;
				CLANG_WARN_OBJC_LITERAL_CONVERSION = YES;
				CLANG_WARN_OBJC_ROOT_CLASS = YES_ERROR;
				CLANG_WARN_RANGE_LOOP_ANALYSIS = YES;
				CLANG_WARN_STRICT_PROTOTYPES = YES;
				CLANG_WARN_SUSPICIOUS_MOVE = YES;
				CLANG_WARN_UNGUARDED_AVAILABILITY = YES_AGGRESSIVE;
				CLANG_WARN_UNREACHABLE_CODE = YES;
				CLANG_WARN__DUPLICATE_METHOD_MATCH = YES;
				CODE_SIGN_IDENTITY = "iPhone Developer";
				COPY_PHASE_STRIP = NO;
				DEBUG_INFORMATION_FORMAT = "dwarf-with-dsym";
				ENABLE_NS_ASSERTIONS = NO;
				ENABLE_STRICT_OBJC_MSGSEND = YES;
				GCC_C_LANGUAGE_STANDARD = gnu11;
				GCC_NO_COMMON_BLOCKS = YES;
				GCC_WARN_64_TO_32_BIT_CONVERSION = YES;
				GCC_WARN_ABOUT_RETURN_TYPE = YES_ERROR;
				GCC_WARN_UNDECLARED_SELECTOR = YES;
				GCC_WARN_UNINITIALIZED_AUTOS = YES_AGGRESSIVE;
				GCC_WARN_UNUSED_FUNCTION = YES;
				GCC_WARN_UNUSED_VARIABLE = YES;
				IPHONEOS_DEPLOYMENT_TARGET = 11.1;
				MTL_ENABLE_DEBUG_INFO = NO;
				SDKROOT = iphoneos;
				SWIFT_OPTIMIZATION_LEVEL = "-Owholemodule";
				VALIDATE_PRODUCT = YES;
			};
			name = Release;
		};
		A809FAEB1FE9A3EF001A0A42 /* Debug */ = {
			isa = XCBuildConfiguration;
			buildSettings = {
				ASSETCATALOG_COMPILER_APPICON_NAME = AppIcon;
				CODE_SIGN_STYLE = Automatic;
				INFOPLIST_FILE = MyWonderStackView/Info.plist;
				LD_RUNPATH_SEARCH_PATHS = "$(inherited) @executable_path/Frameworks";
				PRODUCT_BUNDLE_IDENTIFIER = tests.MyWonderStackView;
				PRODUCT_NAME = "$(TARGET_NAME)";
				SWIFT_VERSION = 4.0;
				TARGETED_DEVICE_FAMILY = "1,2";
			};
			name = Debug;
		};
		A809FAEC1FE9A3EF001A0A42 /* Release */ = {
			isa = XCBuildConfiguration;
			buildSettings = {
				ASSETCATALOG_COMPILER_APPICON_NAME = AppIcon;
				CODE_SIGN_STYLE = Automatic;
				INFOPLIST_FILE = MyWonderStackView/Info.plist;
				LD_RUNPATH_SEARCH_PATHS = "$(inherited) @executable_path/Frameworks";
				PRODUCT_BUNDLE_IDENTIFIER = tests.MyWonderStackView;
				PRODUCT_NAME = "$(TARGET_NAME)";
				SWIFT_VERSION = 4.0;
				TARGETED_DEVICE_FAMILY = "1,2";
			};
			name = Release;
		};
/* End XCBuildConfiguration section */

/* Begin XCConfigurationList section */
		A809FAD31FE9A3EF001A0A42 /* Build configuration list for PBXProject "MyWonderStackView" */ = {
			isa = XCConfigurationList;
			buildConfigurations = (
				A809FAE81FE9A3EF001A0A42 /* Debug */,
				A809FAE91FE9A3EF001A0A42 /* Release */,
			);
			defaultConfigurationIsVisible = 0;
			defaultConfigurationName = Release;
		};
		A809FAEA1FE9A3EF001A0A42 /* Build configuration list for PBXNativeTarget "MyWonderStackView" */ = {
			isa = XCConfigurationList;
			buildConfigurations = (
				A809FAEB1FE9A3EF001A0A42 /* Debug */,
				A809FAEC1FE9A3EF001A0A42 /* Release */,
			);
			defaultConfigurationIsVisible = 0;
			defaultConfigurationName = Release;
		};
/* End XCConfigurationList section */
	};
	rootObject = A809FAD01FE9A3EF001A0A42 /* Project object */;
}
